// !$*UTF8*$!
{
	archiveVersion = 1;
	classes = {
	};
	objectVersion = 48;
	objects = {

/* Begin PBXBuildFile section */
		841C14781F9E47D500295240 /* DataService.swift in Sources */ = {isa = PBXBuildFile; fileRef = 841C14771F9E47D500295240 /* DataService.swift */; };
		841C147A1F9F821C00295240 /* AuthVC.swift in Sources */ = {isa = PBXBuildFile; fileRef = 841C14791F9F821C00295240 /* AuthVC.swift */; };
		841C147C1F9F824800295240 /* LoginVC.swift in Sources */ = {isa = PBXBuildFile; fileRef = 841C147B1F9F824800295240 /* LoginVC.swift */; };
		841C147E1F9F82B300295240 /* InsetTextField.swift in Sources */ = {isa = PBXBuildFile; fileRef = 841C147D1F9F82B300295240 /* InsetTextField.swift */; };
		841C14801F9F85DD00295240 /* ShadowView.swift in Sources */ = {isa = PBXBuildFile; fileRef = 841C147F1F9F85DD00295240 /* ShadowView.swift */; };
		841C14821F9F878500295240 /* AuthService.swift in Sources */ = {isa = PBXBuildFile; fileRef = 841C14811F9F878500295240 /* AuthService.swift */; };
		841C14841F9F970400295240 /* GoogleService-Info.plist in Resources */ = {isa = PBXBuildFile; fileRef = 841C14831F9F96D400295240 /* GoogleService-Info.plist */; };
		845BAD861FA0CC8A00DCF9D0 /* CreatePostVC.swift in Sources */ = {isa = PBXBuildFile; fileRef = 845BAD851FA0CC8A00DCF9D0 /* CreatePostVC.swift */; };
		845BAD881FA0CF3900DCF9D0 /* UIViewExt.swift in Sources */ = {isa = PBXBuildFile; fileRef = 845BAD871FA0CF3900DCF9D0 /* UIViewExt.swift */; };
		84837D5A1F9FE1C600074F92 /* MeVC.swift in Sources */ = {isa = PBXBuildFile; fileRef = 84837D591F9FE1C600074F92 /* MeVC.swift */; };
		84F034A91F9E43DD00FECBBB /* AppDelegate.swift in Sources */ = {isa = PBXBuildFile; fileRef = 84F034A81F9E43DD00FECBBB /* AppDelegate.swift */; };
		84F034AB1F9E43DD00FECBBB /* FeedVC.swift in Sources */ = {isa = PBXBuildFile; fileRef = 84F034AA1F9E43DD00FECBBB /* FeedVC.swift */; };
		84F034AD1F9E43DD00FECBBB /* GroupsVC.swift in Sources */ = {isa = PBXBuildFile; fileRef = 84F034AC1F9E43DD00FECBBB /* GroupsVC.swift */; };
		84F034B01F9E43DD00FECBBB /* Main.storyboard in Resources */ = {isa = PBXBuildFile; fileRef = 84F034AE1F9E43DD00FECBBB /* Main.storyboard */; };
		84F034B21F9E43DD00FECBBB /* Assets.xcassets in Resources */ = {isa = PBXBuildFile; fileRef = 84F034B11F9E43DD00FECBBB /* Assets.xcassets */; };
		84F034B51F9E43DD00FECBBB /* LaunchScreen.storyboard in Resources */ = {isa = PBXBuildFile; fileRef = 84F034B31F9E43DD00FECBBB /* LaunchScreen.storyboard */; };
		B2DF33686F5D25C43C123041 /* Pods_Breakpoint.framework in Frameworks */ = {isa = PBXBuildFile; fileRef = 6849210BB1F4675D00A20AF1 /* Pods_Breakpoint.framework */; };
/* End PBXBuildFile section */

/* Begin PBXFileReference section */
		6849210BB1F4675D00A20AF1 /* Pods_Breakpoint.framework */ = {isa = PBXFileReference; explicitFileType = wrapper.framework; includeInIndex = 0; path = Pods_Breakpoint.framework; sourceTree = BUILT_PRODUCTS_DIR; };
		841C14771F9E47D500295240 /* DataService.swift */ = {isa = PBXFileReference; lastKnownFileType = sourcecode.swift; path = DataService.swift; sourceTree = "<group>"; };
		841C14791F9F821C00295240 /* AuthVC.swift */ = {isa = PBXFileReference; lastKnownFileType = sourcecode.swift; path = AuthVC.swift; sourceTree = "<group>"; };
		841C147B1F9F824800295240 /* LoginVC.swift */ = {isa = PBXFileReference; lastKnownFileType = sourcecode.swift; path = LoginVC.swift; sourceTree = "<group>"; };
		841C147D1F9F82B300295240 /* InsetTextField.swift */ = {isa = PBXFileReference; lastKnownFileType = sourcecode.swift; path = InsetTextField.swift; sourceTree = "<group>"; };
		841C147F1F9F85DD00295240 /* ShadowView.swift */ = {isa = PBXFileReference; lastKnownFileType = sourcecode.swift; path = ShadowView.swift; sourceTree = "<group>"; };
		841C14811F9F878500295240 /* AuthService.swift */ = {isa = PBXFileReference; lastKnownFileType = sourcecode.swift; path = AuthService.swift; sourceTree = "<group>"; };
		841C14831F9F96D400295240 /* GoogleService-Info.plist */ = {isa = PBXFileReference; lastKnownFileType = text.plist.xml; name = "GoogleService-Info.plist"; path = "../../../GoogleService-Info.plist"; sourceTree = "<group>"; };
		845BAD851FA0CC8A00DCF9D0 /* CreatePostVC.swift */ = {isa = PBXFileReference; lastKnownFileType = sourcecode.swift; path = CreatePostVC.swift; sourceTree = "<group>"; };
		845BAD871FA0CF3900DCF9D0 /* UIViewExt.swift */ = {isa = PBXFileReference; lastKnownFileType = sourcecode.swift; path = UIViewExt.swift; sourceTree = "<group>"; };
		84837D591F9FE1C600074F92 /* MeVC.swift */ = {isa = PBXFileReference; lastKnownFileType = sourcecode.swift; path = MeVC.swift; sourceTree = "<group>"; };
		84F034A51F9E43DC00FECBBB /* Breakpoint.app */ = {isa = PBXFileReference; explicitFileType = wrapper.application; includeInIndex = 0; path = Breakpoint.app; sourceTree = BUILT_PRODUCTS_DIR; };
		84F034A81F9E43DD00FECBBB /* AppDelegate.swift */ = {isa = PBXFileReference; lastKnownFileType = sourcecode.swift; path = AppDelegate.swift; sourceTree = "<group>"; };
		84F034AA1F9E43DD00FECBBB /* FeedVC.swift */ = {isa = PBXFileReference; lastKnownFileType = sourcecode.swift; path = FeedVC.swift; sourceTree = "<group>"; };
		84F034AC1F9E43DD00FECBBB /* GroupsVC.swift */ = {isa = PBXFileReference; lastKnownFileType = sourcecode.swift; path = GroupsVC.swift; sourceTree = "<group>"; };
		84F034AF1F9E43DD00FECBBB /* Base */ = {isa = PBXFileReference; lastKnownFileType = file.storyboard; name = Base; path = Base.lproj/Main.storyboard; sourceTree = "<group>"; };
		84F034B11F9E43DD00FECBBB /* Assets.xcassets */ = {isa = PBXFileReference; lastKnownFileType = folder.assetcatalog; path = Assets.xcassets; sourceTree = "<group>"; };
		84F034B41F9E43DD00FECBBB /* Base */ = {isa = PBXFileReference; lastKnownFileType = file.storyboard; name = Base; path = Base.lproj/LaunchScreen.storyboard; sourceTree = "<group>"; };
		84F034B61F9E43DD00FECBBB /* Info.plist */ = {isa = PBXFileReference; lastKnownFileType = text.plist.xml; path = Info.plist; sourceTree = "<group>"; };
		97F708670C16048E8078324F /* Pods-Breakpoint.release.xcconfig */ = {isa = PBXFileReference; includeInIndex = 1; lastKnownFileType = text.xcconfig; name = "Pods-Breakpoint.release.xcconfig"; path = "Pods/Target Support Files/Pods-Breakpoint/Pods-Breakpoint.release.xcconfig"; sourceTree = "<group>"; };
		A705945C57BB44189870D3FF /* Pods-Breakpoint.debug.xcconfig */ = {isa = PBXFileReference; includeInIndex = 1; lastKnownFileType = text.xcconfig; name = "Pods-Breakpoint.debug.xcconfig"; path = "Pods/Target Support Files/Pods-Breakpoint/Pods-Breakpoint.debug.xcconfig"; sourceTree = "<group>"; };
/* End PBXFileReference section */

/* Begin PBXFrameworksBuildPhase section */
		84F034A21F9E43DC00FECBBB /* Frameworks */ = {
			isa = PBXFrameworksBuildPhase;
			buildActionMask = 2147483647;
			files = (
				B2DF33686F5D25C43C123041 /* Pods_Breakpoint.framework in Frameworks */,
			);
			runOnlyForDeploymentPostprocessing = 0;
		};
/* End PBXFrameworksBuildPhase section */

/* Begin PBXGroup section */
		7EFA598396AE6160E8C211F9 /* Pods */ = {
			isa = PBXGroup;
			children = (
				A705945C57BB44189870D3FF /* Pods-Breakpoint.debug.xcconfig */,
				97F708670C16048E8078324F /* Pods-Breakpoint.release.xcconfig */,
			);
			name = Pods;
			sourceTree = "<group>";
		};
		84F0349C1F9E43DC00FECBBB = {
			isa = PBXGroup;
			children = (
				84F034A71F9E43DC00FECBBB /* Breakpoint */,
				84F034A61F9E43DC00FECBBB /* Products */,
				7EFA598396AE6160E8C211F9 /* Pods */,
				AC7587669D346CC23C488266 /* Frameworks */,
			);
			sourceTree = "<group>";
		};
		84F034A61F9E43DC00FECBBB /* Products */ = {
			isa = PBXGroup;
			children = (
				84F034A51F9E43DC00FECBBB /* Breakpoint.app */,
			);
			name = Products;
			sourceTree = "<group>";
		};
		84F034A71F9E43DC00FECBBB /* Breakpoint */ = {
			isa = PBXGroup;
			children = (
				84F034C01F9E448800FECBBB /* Services */,
				84F034BF1F9E445700FECBBB /* Extensions */,
				84F034BE1F9E443F00FECBBB /* Model */,
				84F034BD1F9E443A00FECBBB /* View */,
				84F034BC1F9E442400FECBBB /* Controller */,
				84F034A81F9E43DD00FECBBB /* AppDelegate.swift */,
				84F034AE1F9E43DD00FECBBB /* Main.storyboard */,
				84F034B11F9E43DD00FECBBB /* Assets.xcassets */,
				84F034B31F9E43DD00FECBBB /* LaunchScreen.storyboard */,
				841C14831F9F96D400295240 /* GoogleService-Info.plist */,
				84F034B61F9E43DD00FECBBB /* Info.plist */,
			);
			path = Breakpoint;
			sourceTree = "<group>";
		};
		84F034BC1F9E442400FECBBB /* Controller */ = {
			isa = PBXGroup;
			children = (
				84F034AA1F9E43DD00FECBBB /* FeedVC.swift */,
				84F034AC1F9E43DD00FECBBB /* GroupsVC.swift */,
				841C14791F9F821C00295240 /* AuthVC.swift */,
				841C147B1F9F824800295240 /* LoginVC.swift */,
				84837D591F9FE1C600074F92 /* MeVC.swift */,
				845BAD851FA0CC8A00DCF9D0 /* CreatePostVC.swift */,
			);
			path = Controller;
			sourceTree = "<group>";
		};
		84F034BD1F9E443A00FECBBB /* View */ = {
			isa = PBXGroup;
			children = (
				841C147D1F9F82B300295240 /* InsetTextField.swift */,
				841C147F1F9F85DD00295240 /* ShadowView.swift */,
			);
			path = View;
			sourceTree = "<group>";
		};
		84F034BE1F9E443F00FECBBB /* Model */ = {
			isa = PBXGroup;
			children = (
			);
			path = Model;
			sourceTree = "<group>";
		};
		84F034BF1F9E445700FECBBB /* Extensions */ = {
			isa = PBXGroup;
			children = (
				845BAD871FA0CF3900DCF9D0 /* UIViewExt.swift */,
			);
			path = Extensions;
			sourceTree = "<group>";
		};
		84F034C01F9E448800FECBBB /* Services */ = {
			isa = PBXGroup;
			children = (
				841C14771F9E47D500295240 /* DataService.swift */,
				841C14811F9F878500295240 /* AuthService.swift */,
			);
			path = Services;
			sourceTree = "<group>";
		};
		AC7587669D346CC23C488266 /* Frameworks */ = {
			isa = PBXGroup;
			children = (
				6849210BB1F4675D00A20AF1 /* Pods_Breakpoint.framework */,
			);
			name = Frameworks;
			sourceTree = "<group>";
		};
/* End PBXGroup section */

/* Begin PBXNativeTarget section */
		84F034A41F9E43DC00FECBBB /* Breakpoint */ = {
			isa = PBXNativeTarget;
			buildConfigurationList = 84F034B91F9E43DD00FECBBB /* Build configuration list for PBXNativeTarget "Breakpoint" */;
			buildPhases = (
				1161F9CAAE2FFF61BEB5C332 /* [CP] Check Pods Manifest.lock */,
				84F034A11F9E43DC00FECBBB /* Sources */,
				84F034A21F9E43DC00FECBBB /* Frameworks */,
				84F034A31F9E43DC00FECBBB /* Resources */,
				348F63EC0C8AE9C9C2CBE6FB /* [CP] Embed Pods Frameworks */,
				D67F5C848906A01282581B09 /* [CP] Copy Pods Resources */,
			);
			buildRules = (
			);
			dependencies = (
			);
			name = Breakpoint;
			productName = Breakpoint;
			productReference = 84F034A51F9E43DC00FECBBB /* Breakpoint.app */;
			productType = "com.apple.product-type.application";
		};
/* End PBXNativeTarget section */

/* Begin PBXProject section */
		84F0349D1F9E43DC00FECBBB /* Project object */ = {
			isa = PBXProject;
			attributes = {
				LastSwiftUpdateCheck = 0900;
				LastUpgradeCheck = 0900;
				ORGANIZATIONNAME = TJSchoost;
				TargetAttributes = {
					84F034A41F9E43DC00FECBBB = {
						CreatedOnToolsVersion = 9.0;
						ProvisioningStyle = Automatic;
					};
				};
			};
			buildConfigurationList = 84F034A01F9E43DC00FECBBB /* Build configuration list for PBXProject "Breakpoint" */;
			compatibilityVersion = "Xcode 8.0";
			developmentRegion = en;
			hasScannedForEncodings = 0;
			knownRegions = (
				en,
				Base,
			);
			mainGroup = 84F0349C1F9E43DC00FECBBB;
			productRefGroup = 84F034A61F9E43DC00FECBBB /* Products */;
			projectDirPath = "";
			projectRoot = "";
			targets = (
				84F034A41F9E43DC00FECBBB /* Breakpoint */,
			);
		};
/* End PBXProject section */

/* Begin PBXResourcesBuildPhase section */
		84F034A31F9E43DC00FECBBB /* Resources */ = {
			isa = PBXResourcesBuildPhase;
			buildActionMask = 2147483647;
			files = (
				84F034B51F9E43DD00FECBBB /* LaunchScreen.storyboard in Resources */,
				841C14841F9F970400295240 /* GoogleService-Info.plist in Resources */,
				84F034B21F9E43DD00FECBBB /* Assets.xcassets in Resources */,
				84F034B01F9E43DD00FECBBB /* Main.storyboard in Resources */,
			);
			runOnlyForDeploymentPostprocessing = 0;
		};
/* End PBXResourcesBuildPhase section */

/* Begin PBXShellScriptBuildPhase section */
		1161F9CAAE2FFF61BEB5C332 /* [CP] Check Pods Manifest.lock */ = {
			isa = PBXShellScriptBuildPhase;
			buildActionMask = 2147483647;
			files = (
			);
			inputPaths = (
				"${PODS_PODFILE_DIR_PATH}/Podfile.lock",
				"${PODS_ROOT}/Manifest.lock",
			);
			name = "[CP] Check Pods Manifest.lock";
			outputPaths = (
				"$(DERIVED_FILE_DIR)/Pods-Breakpoint-checkManifestLockResult.txt",
			);
			runOnlyForDeploymentPostprocessing = 0;
			shellPath = /bin/sh;
			shellScript = "diff \"${PODS_PODFILE_DIR_PATH}/Podfile.lock\" \"${PODS_ROOT}/Manifest.lock\" > /dev/null\nif [ $? != 0 ] ; then\n    # print error to STDERR\n    echo \"error: The sandbox is not in sync with the Podfile.lock. Run 'pod install' or update your CocoaPods installation.\" >&2\n    exit 1\nfi\n# This output is used by Xcode 'outputs' to avoid re-running this script phase.\necho \"SUCCESS\" > \"${SCRIPT_OUTPUT_FILE_0}\"\n";
			showEnvVarsInLog = 0;
		};
		348F63EC0C8AE9C9C2CBE6FB /* [CP] Embed Pods Frameworks */ = {
			isa = PBXShellScriptBuildPhase;
			buildActionMask = 2147483647;
			files = (
			);
			inputPaths = (
				"${SRCROOT}/Pods/Target Support Files/Pods-Breakpoint/Pods-Breakpoint-frameworks.sh",
				"${BUILT_PRODUCTS_DIR}/GTMSessionFetcher/GTMSessionFetcher.framework",
				"${BUILT_PRODUCTS_DIR}/GoogleToolboxForMac/GoogleToolboxForMac.framework",
				"${BUILT_PRODUCTS_DIR}/leveldb-library/leveldb.framework",
				"${BUILT_PRODUCTS_DIR}/nanopb/nanopb.framework",
			);
			name = "[CP] Embed Pods Frameworks";
			outputPaths = (
				"${TARGET_BUILD_DIR}/${FRAMEWORKS_FOLDER_PATH}/GTMSessionFetcher.framework",
				"${TARGET_BUILD_DIR}/${FRAMEWORKS_FOLDER_PATH}/GoogleToolboxForMac.framework",
				"${TARGET_BUILD_DIR}/${FRAMEWORKS_FOLDER_PATH}/leveldb.framework",
				"${TARGET_BUILD_DIR}/${FRAMEWORKS_FOLDER_PATH}/nanopb.framework",
			);
			runOnlyForDeploymentPostprocessing = 0;
			shellPath = /bin/sh;
			shellScript = "\"${SRCROOT}/Pods/Target Support Files/Pods-Breakpoint/Pods-Breakpoint-frameworks.sh\"\n";
			showEnvVarsInLog = 0;
		};
		D67F5C848906A01282581B09 /* [CP] Copy Pods Resources */ = {
			isa = PBXShellScriptBuildPhase;
			buildActionMask = 2147483647;
			files = (
			);
			inputPaths = (
			);
			name = "[CP] Copy Pods Resources";
			outputPaths = (
			);
			runOnlyForDeploymentPostprocessing = 0;
			shellPath = /bin/sh;
			shellScript = "\"${SRCROOT}/Pods/Target Support Files/Pods-Breakpoint/Pods-Breakpoint-resources.sh\"\n";
			showEnvVarsInLog = 0;
		};
/* End PBXShellScriptBuildPhase section */

/* Begin PBXSourcesBuildPhase section */
		84F034A11F9E43DC00FECBBB /* Sources */ = {
			isa = PBXSourcesBuildPhase;
			buildActionMask = 2147483647;
			files = (
				845BAD881FA0CF3900DCF9D0 /* UIViewExt.swift in Sources */,
				84837D5A1F9FE1C600074F92 /* MeVC.swift in Sources */,
				841C147A1F9F821C00295240 /* AuthVC.swift in Sources */,
				84F034AD1F9E43DD00FECBBB /* GroupsVC.swift in Sources */,
				841C147C1F9F824800295240 /* LoginVC.swift in Sources */,
				84F034A91F9E43DD00FECBBB /* AppDelegate.swift in Sources */,
				841C14801F9F85DD00295240 /* ShadowView.swift in Sources */,
				84F034AB1F9E43DD00FECBBB /* FeedVC.swift in Sources */,
				845BAD861FA0CC8A00DCF9D0 /* CreatePostVC.swift in Sources */,
				841C147E1F9F82B300295240 /* InsetTextField.swift in Sources */,
				841C14821F9F878500295240 /* AuthService.swift in Sources */,
				841C14781F9E47D500295240 /* DataService.swift in Sources */,
			);
			runOnlyForDeploymentPostprocessing = 0;
		};
/* End PBXSourcesBuildPhase section */

/* Begin PBXVariantGroup section */
		84F034AE1F9E43DD00FECBBB /* Main.storyboard */ = {
			isa = PBXVariantGroup;
			children = (
				84F034AF1F9E43DD00FECBBB /* Base */,
			);
			name = Main.storyboard;
			sourceTree = "<group>";
		};
		84F034B31F9E43DD00FECBBB /* LaunchScreen.storyboard */ = {
			isa = PBXVariantGroup;
			children = (
				84F034B41F9E43DD00FECBBB /* Base */,
			);
			name = LaunchScreen.storyboard;
			sourceTree = "<group>";
		};
/* End PBXVariantGroup section */

/* Begin XCBuildConfiguration section */
		84F034B71F9E43DD00FECBBB /* Debug */ = {
			isa = XCBuildConfiguration;
			buildSettings = {
				ALWAYS_SEARCH_USER_PATHS = NO;
				CLANG_ANALYZER_NONNULL = YES;
				CLANG_ANALYZER_NUMBER_OBJECT_CONVERSION = YES_AGGRESSIVE;
				CLANG_CXX_LANGUAGE_STANDARD = "gnu++14";
				CLANG_CXX_LIBRARY = "libc++";
				CLANG_ENABLE_MODULES = YES;
				CLANG_ENABLE_OBJC_ARC = YES;
				CLANG_WARN_BLOCK_CAPTURE_AUTORELEASING = YES;
				CLANG_WARN_BOOL_CONVERSION = YES;
				CLANG_WARN_COMMA = YES;
				CLANG_WARN_CONSTANT_CONVERSION = YES;
				CLANG_WARN_DIRECT_OBJC_ISA_USAGE = YES_ERROR;
				CLANG_WARN_DOCUMENTATION_COMMENTS = YES;
				CLANG_WARN_EMPTY_BODY = YES;
				CLANG_WARN_ENUM_CONVERSION = YES;
				CLANG_WARN_INFINITE_RECURSION = YES;
				CLANG_WARN_INT_CONVERSION = YES;
				CLANG_WARN_NON_LITERAL_NULL_CONVERSION = YES;
				CLANG_WARN_OBJC_LITERAL_CONVERSION = YES;
				CLANG_WARN_OBJC_ROOT_CLASS = YES_ERROR;
				CLANG_WARN_RANGE_LOOP_ANALYSIS = YES;
				CLANG_WARN_STRICT_PROTOTYPES = YES;
				CLANG_WARN_SUSPICIOUS_MOVE = YES;
				CLANG_WARN_UNGUARDED_AVAILABILITY = YES_AGGRESSIVE;
				CLANG_WARN_UNREACHABLE_CODE = YES;
				CLANG_WARN__DUPLICATE_METHOD_MATCH = YES;
				CODE_SIGN_IDENTITY = "iPhone Developer";
				COPY_PHASE_STRIP = NO;
				DEBUG_INFORMATION_FORMAT = dwarf;
				ENABLE_STRICT_OBJC_MSGSEND = YES;
				ENABLE_TESTABILITY = YES;
				GCC_C_LANGUAGE_STANDARD = gnu11;
				GCC_DYNAMIC_NO_PIC = NO;
				GCC_NO_COMMON_BLOCKS = YES;
				GCC_OPTIMIZATION_LEVEL = 0;
				GCC_PREPROCESSOR_DEFINITIONS = (
					"DEBUG=1",
					"$(inherited)",
				);
				GCC_WARN_64_TO_32_BIT_CONVERSION = YES;
				GCC_WARN_ABOUT_RETURN_TYPE = YES_ERROR;
				GCC_WARN_UNDECLARED_SELECTOR = YES;
				GCC_WARN_UNINITIALIZED_AUTOS = YES_AGGRESSIVE;
				GCC_WARN_UNUSED_FUNCTION = YES;
				GCC_WARN_UNUSED_VARIABLE = YES;
				IPHONEOS_DEPLOYMENT_TARGET = 11.0;
				MTL_ENABLE_DEBUG_INFO = YES;
				ONLY_ACTIVE_ARCH = YES;
				SDKROOT = iphoneos;
				SWIFT_ACTIVE_COMPILATION_CONDITIONS = DEBUG;
				SWIFT_OPTIMIZATION_LEVEL = "-Onone";
			};
			name = Debug;
		};
		84F034B81F9E43DD00FECBBB /* Release */ = {
			isa = XCBuildConfiguration;
			buildSettings = {
				ALWAYS_SEARCH_USER_PATHS = NO;
				CLANG_ANALYZER_NONNULL = YES;
				CLANG_ANALYZER_NUMBER_OBJECT_CONVERSION = YES_AGGRESSIVE;
				CLANG_CXX_LANGUAGE_STANDARD = "gnu++14";
				CLANG_CXX_LIBRARY = "libc++";
				CLANG_ENABLE_MODULES = YES;
				CLANG_ENABLE_OBJC_ARC = YES;
				CLANG_WARN_BLOCK_CAPTURE_AUTORELEASING = YES;
				CLANG_WARN_BOOL_CONVERSION = YES;
				CLANG_WARN_COMMA = YES;
				CLANG_WARN_CONSTANT_CONVERSION = YES;
				CLANG_WARN_DIRECT_OBJC_ISA_USAGE = YES_ERROR;
				CLANG_WARN_DOCUMENTATION_COMMENTS = YES;
				CLANG_WARN_EMPTY_BODY = YES;
				CLANG_WARN_ENUM_CONVERSION = YES;
				CLANG_WARN_INFINITE_RECURSION = YES;
				CLANG_WARN_INT_CONVERSION = YES;
				CLANG_WARN_NON_LITERAL_NULL_CONVERSION = YES;
				CLANG_WARN_OBJC_LITERAL_CONVERSION = YES;
				CLANG_WARN_OBJC_ROOT_CLASS = YES_ERROR;
				CLANG_WARN_RANGE_LOOP_ANALYSIS = YES;
				CLANG_WARN_STRICT_PROTOTYPES = YES;
				CLANG_WARN_SUSPICIOUS_MOVE = YES;
				CLANG_WARN_UNGUARDED_AVAILABILITY = YES_AGGRESSIVE;
				CLANG_WARN_UNREACHABLE_CODE = YES;
				CLANG_WARN__DUPLICATE_METHOD_MATCH = YES;
				CODE_SIGN_IDENTITY = "iPhone Developer";
				COPY_PHASE_STRIP = NO;
				DEBUG_INFORMATION_FORMAT = "dwarf-with-dsym";
				ENABLE_NS_ASSERTIONS = NO;
				ENABLE_STRICT_OBJC_MSGSEND = YES;
				GCC_C_LANGUAGE_STANDARD = gnu11;
				GCC_NO_COMMON_BLOCKS = YES;
				GCC_WARN_64_TO_32_BIT_CONVERSION = YES;
				GCC_WARN_ABOUT_RETURN_TYPE = YES_ERROR;
				GCC_WARN_UNDECLARED_SELECTOR = YES;
				GCC_WARN_UNINITIALIZED_AUTOS = YES_AGGRESSIVE;
				GCC_WARN_UNUSED_FUNCTION = YES;
				GCC_WARN_UNUSED_VARIABLE = YES;
				IPHONEOS_DEPLOYMENT_TARGET = 11.0;
				MTL_ENABLE_DEBUG_INFO = NO;
				SDKROOT = iphoneos;
				SWIFT_OPTIMIZATION_LEVEL = "-Owholemodule";
				VALIDATE_PRODUCT = YES;
			};
			name = Release;
		};
		84F034BA1F9E43DD00FECBBB /* Debug */ = {
			isa = XCBuildConfiguration;
			baseConfigurationReference = A705945C57BB44189870D3FF /* Pods-Breakpoint.debug.xcconfig */;
			buildSettings = {
				ASSETCATALOG_COMPILER_APPICON_NAME = AppIcon;
				CODE_SIGN_STYLE = Automatic;
				DEVELOPMENT_TEAM = JE8VMAJF52;
				INFOPLIST_FILE = Breakpoint/Info.plist;
				LD_RUNPATH_SEARCH_PATHS = "$(inherited) @executable_path/Frameworks";
				PRODUCT_BUNDLE_IDENTIFIER = com.tjschoost.Breakpoint;
				PRODUCT_NAME = "$(TARGET_NAME)";
				SWIFT_VERSION = 4.0;
				TARGETED_DEVICE_FAMILY = "1,2";
			};
			name = Debug;
		};
		84F034BB1F9E43DD00FECBBB /* Release */ = {
			isa = XCBuildConfiguration;
			baseConfigurationReference = 97F708670C16048E8078324F /* Pods-Breakpoint.release.xcconfig */;
			buildSettings = {
				ASSETCATALOG_COMPILER_APPICON_NAME = AppIcon;
				CODE_SIGN_STYLE = Automatic;
				DEVELOPMENT_TEAM = JE8VMAJF52;
				INFOPLIST_FILE = Breakpoint/Info.plist;
				LD_RUNPATH_SEARCH_PATHS = "$(inherited) @executable_path/Frameworks";
				PRODUCT_BUNDLE_IDENTIFIER = com.tjschoost.Breakpoint;
				PRODUCT_NAME = "$(TARGET_NAME)";
				SWIFT_VERSION = 4.0;
				TARGETED_DEVICE_FAMILY = "1,2";
			};
			name = Release;
		};
/* End XCBuildConfiguration section */

/* Begin XCConfigurationList section */
		84F034A01F9E43DC00FECBBB /* Build configuration list for PBXProject "Breakpoint" */ = {
			isa = XCConfigurationList;
			buildConfigurations = (
				84F034B71F9E43DD00FECBBB /* Debug */,
				84F034B81F9E43DD00FECBBB /* Release */,
			);
			defaultConfigurationIsVisible = 0;
			defaultConfigurationName = Release;
		};
		84F034B91F9E43DD00FECBBB /* Build configuration list for PBXNativeTarget "Breakpoint" */ = {
			isa = XCConfigurationList;
			buildConfigurations = (
				84F034BA1F9E43DD00FECBBB /* Debug */,
				84F034BB1F9E43DD00FECBBB /* Release */,
			);
			defaultConfigurationIsVisible = 0;
			defaultConfigurationName = Release;
		};
/* End XCConfigurationList section */
	};
	rootObject = 84F0349D1F9E43DC00FECBBB /* Project object */;
}
